
Microsoft Visual Studio Solution File, Format Version 12.00
# Visual Studio 15
VisualStudioVersion = 15.0.27703.2047
MinimumVisualStudioVersion = 10.0.40219.1
Project("{FAE04EC0-301F-11D3-BF4B-00C04F79EFBC}") = "Memberships", "Memberships\Memberships.csproj", "{FEFCC138-837F-4B53-A52E-1CB7290A232B}"
EndProject
Global
	GlobalSection(SolutionConfigurationPlatforms) = preSolution
		Debug|Any CPU = Debug|Any CPU
		Release|Any CPU = Release|Any CPU
	EndGlobalSection
	GlobalSection(ProjectConfigurationPlatforms) = postSolution
		{FEFCC138-837F-4B53-A52E-1CB7290A232B}.Debug|Any CPU.ActiveCfg = Debug|Any CPU
		{FEFCC138-837F-4B53-A52E-1CB7290A232B}.Debug|Any CPU.Build.0 = Debug|Any CPU
		{FEFCC138-837F-4B53-A52E-1CB7290A232B}.Release|Any CPU.ActiveCfg = Release|Any CPU
		{FEFCC138-837F-4B53-A52E-1CB7290A232B}.Release|Any CPU.Build.0 = Release|Any CPU
	EndGlobalSection
	GlobalSection(SolutionProperties) = preSolution
		HideSolutionNode = FALSE
	EndGlobalSection
	GlobalSection(ExtensibilityGlobals) = postSolution
		SolutionGuid = {AB360674-7968-4919-B06E-D38055A8402F}
	EndGlobalSection
EndGlobal
